
Microsoft Visual Studio Solution File, Format Version 12.00
# Visual Studio Version 16
VisualStudioVersion = 16.0.29215.179
MinimumVisualStudioVersion = 10.0.40219.1
Project("{FAE04EC0-301F-11D3-BF4B-00C04F79EFBC}") = "PhotoEdit", "PhotoEdit.csproj", "{420FF546-E7B0-4BFA-A282-2B0010593DEA}"
EndProject
Global
	GlobalSection(SolutionConfigurationPlatforms) = preSolution
		Debug|Any CPU = Debug|Any CPU
		Release|Any CPU = Release|Any CPU
	EndGlobalSection
	GlobalSection(ProjectConfigurationPlatforms) = postSolution
		{420FF546-E7B0-4BFA-A282-2B0010593DEA}.Debug|Any CPU.ActiveCfg = Debug|Any CPU
		{420FF546-E7B0-4BFA-A282-2B0010593DEA}.Debug|Any CPU.Build.0 = Debug|Any CPU
		{420FF546-E7B0-4BFA-A282-2B0010593DEA}.Release|Any CPU.ActiveCfg = Release|Any CPU
		{420FF546-E7B0-4BFA-A282-2B0010593DEA}.Release|Any CPU.Build.0 = Release|Any CPU
	EndGlobalSection
	GlobalSection(SolutionProperties) = preSolution
		HideSolutionNode = FALSE
	EndGlobalSection
	GlobalSection(ExtensibilityGlobals) = postSolution
		SolutionGuid = {3B4692D6-C7EE-44D4-A3B5-F9F5BFC0B002}
	EndGlobalSection
EndGlobal
